// !$*UTF8*$!
{
	archiveVersion = 1;
	classes = {
	};
	objectVersion = 50;
	objects = {

/* Begin PBXBuildFile section */
		73F174D122F71673002EFAC1 /* AppDelegate.swift in Sources */ = {isa = PBXBuildFile; fileRef = 73F174D022F71673002EFAC1 /* AppDelegate.swift */; };
		73F174D822F71675002EFAC1 /* Assets.xcassets in Resources */ = {isa = PBXBuildFile; fileRef = 73F174D722F71675002EFAC1 /* Assets.xcassets */; };
		73F174F122F71F31002EFAC1 /* GoogleService-Info.plist in Resources */ = {isa = PBXBuildFile; fileRef = 73F174F022F71F31002EFAC1 /* GoogleService-Info.plist */; };
		73F1751022F72BC5002EFAC1 /* Splash.storyboard in Resources */ = {isa = PBXBuildFile; fileRef = 73F1750F22F72BC5002EFAC1 /* Splash.storyboard */; };
		73F1751222F72BEB002EFAC1 /* SplashViewController.swift in Sources */ = {isa = PBXBuildFile; fileRef = 73F1751122F72BEB002EFAC1 /* SplashViewController.swift */; };
		73F1751822F72E34002EFAC1 /* Resources in Resources */ = {isa = PBXBuildFile; fileRef = 73F1751622F72E34002EFAC1 /* Resources */; };
		73F1751922F72E34002EFAC1 /* MovieGuideTests.swift in Sources */ = {isa = PBXBuildFile; fileRef = 73F1751722F72E34002EFAC1 /* MovieGuideTests.swift */; };
		73F1751D22F730CF002EFAC1 /* MovieSearchContracts.swift in Sources */ = {isa = PBXBuildFile; fileRef = 73F1751C22F730CF002EFAC1 /* MovieSearchContracts.swift */; };
		73F1751F22F730DC002EFAC1 /* MovieSearchPresentation.swift in Sources */ = {isa = PBXBuildFile; fileRef = 73F1751E22F730DC002EFAC1 /* MovieSearchPresentation.swift */; };
		73F1752122F730ED002EFAC1 /* MovieSearchView.swift in Sources */ = {isa = PBXBuildFile; fileRef = 73F1752022F730ED002EFAC1 /* MovieSearchView.swift */; };
		73F1752322F730F6002EFAC1 /* MovieSearchBuilder.swift in Sources */ = {isa = PBXBuildFile; fileRef = 73F1752222F730F6002EFAC1 /* MovieSearchBuilder.swift */; };
		73F1752522F73102002EFAC1 /* MovieSearchViewController.swift in Sources */ = {isa = PBXBuildFile; fileRef = 73F1752422F73102002EFAC1 /* MovieSearchViewController.swift */; };
		73F1752722F7310D002EFAC1 /* MovieSearch.storyboard in Resources */ = {isa = PBXBuildFile; fileRef = 73F1752622F7310D002EFAC1 /* MovieSearch.storyboard */; };
		73F1752922F73143002EFAC1 /* MovieSearchCell.swift in Sources */ = {isa = PBXBuildFile; fileRef = 73F1752822F73143002EFAC1 /* MovieSearchCell.swift */; };
		73F1752B22F73178002EFAC1 /* MovieDetail.storyboard in Resources */ = {isa = PBXBuildFile; fileRef = 73F1752A22F73178002EFAC1 /* MovieDetail.storyboard */; };
		73F1752D22F73187002EFAC1 /* MovieDetailContracts.swift in Sources */ = {isa = PBXBuildFile; fileRef = 73F1752C22F73187002EFAC1 /* MovieDetailContracts.swift */; };
		73F1752F22F73198002EFAC1 /* MovieDetailPresentation.swift in Sources */ = {isa = PBXBuildFile; fileRef = 73F1752E22F73198002EFAC1 /* MovieDetailPresentation.swift */; };
		73F1753122F731A8002EFAC1 /* MovieDetailBuilder.swift in Sources */ = {isa = PBXBuildFile; fileRef = 73F1753022F731A8002EFAC1 /* MovieDetailBuilder.swift */; };
		73F1753322F731B6002EFAC1 /* MovieDetailView.swift in Sources */ = {isa = PBXBuildFile; fileRef = 73F1753222F731B6002EFAC1 /* MovieDetailView.swift */; };
		73F1753522F7320D002EFAC1 /* SplashBuilder.swift in Sources */ = {isa = PBXBuildFile; fileRef = 73F1753422F7320D002EFAC1 /* SplashBuilder.swift */; };
		73F1753722F73216002EFAC1 /* AppContainer.swift in Sources */ = {isa = PBXBuildFile; fileRef = 73F1753622F73216002EFAC1 /* AppContainer.swift */; };
		73F1753922F73274002EFAC1 /* AppRouter.swift in Sources */ = {isa = PBXBuildFile; fileRef = 73F1753822F73274002EFAC1 /* AppRouter.swift */; };
		73F1753C22F732B7002EFAC1 /* UIView+Gradient.swift in Sources */ = {isa = PBXBuildFile; fileRef = 73F1753B22F732B7002EFAC1 /* UIView+Gradient.swift */; };
		73F1753E22F732D8002EFAC1 /* MovieDetailViewController.swift in Sources */ = {isa = PBXBuildFile; fileRef = 73F1753D22F732D8002EFAC1 /* MovieDetailViewController.swift */; };
		73F1754222F73D44002EFAC1 /* MovieGuideAPI.framework in Frameworks */ = {isa = PBXBuildFile; fileRef = 73F1754122F73D44002EFAC1 /* MovieGuideAPI.framework */; };
		73F1754422F74322002EFAC1 /* UIView+Blur.swift in Sources */ = {isa = PBXBuildFile; fileRef = 73F1754322F74322002EFAC1 /* UIView+Blur.swift */; };
		73F1754822F757EB002EFAC1 /* Constants.swift in Sources */ = {isa = PBXBuildFile; fileRef = 73F1754722F757EB002EFAC1 /* Constants.swift */; };
		841F2B68A562CFA92BFD5094 /* Pods_MovieGuide.framework in Frameworks */ = {isa = PBXBuildFile; fileRef = 227C3ACFCD99E41F393DC525 /* Pods_MovieGuide.framework */; };
/* End PBXBuildFile section */

/* Begin PBXContainerItemProxy section */
		73F174E222F71675002EFAC1 /* PBXContainerItemProxy */ = {
			isa = PBXContainerItemProxy;
			containerPortal = 73F174C522F71673002EFAC1 /* Project object */;
			proxyType = 1;
			remoteGlobalIDString = 73F174CC22F71673002EFAC1;
			remoteInfo = MovieGuide;
		};
/* End PBXContainerItemProxy section */

/* Begin PBXFileReference section */
		227C3ACFCD99E41F393DC525 /* Pods_MovieGuide.framework */ = {isa = PBXFileReference; explicitFileType = wrapper.framework; includeInIndex = 0; path = Pods_MovieGuide.framework; sourceTree = BUILT_PRODUCTS_DIR; };
		5EB6E030841F4BADFF0BDCF7 /* Pods-MovieGuide.release.xcconfig */ = {isa = PBXFileReference; includeInIndex = 1; lastKnownFileType = text.xcconfig; name = "Pods-MovieGuide.release.xcconfig"; path = "Target Support Files/Pods-MovieGuide/Pods-MovieGuide.release.xcconfig"; sourceTree = "<group>"; };
		73F174CD22F71673002EFAC1 /* MovieGuide.app */ = {isa = PBXFileReference; explicitFileType = wrapper.application; includeInIndex = 0; path = MovieGuide.app; sourceTree = BUILT_PRODUCTS_DIR; };
		73F174D022F71673002EFAC1 /* AppDelegate.swift */ = {isa = PBXFileReference; lastKnownFileType = sourcecode.swift; path = AppDelegate.swift; sourceTree = "<group>"; };
		73F174D722F71675002EFAC1 /* Assets.xcassets */ = {isa = PBXFileReference; lastKnownFileType = folder.assetcatalog; path = Assets.xcassets; sourceTree = "<group>"; };
		73F174DC22F71675002EFAC1 /* Info.plist */ = {isa = PBXFileReference; lastKnownFileType = text.plist.xml; path = Info.plist; sourceTree = "<group>"; };
		73F174E122F71675002EFAC1 /* MovieGuideTests.xctest */ = {isa = PBXFileReference; explicitFileType = wrapper.cfbundle; includeInIndex = 0; path = MovieGuideTests.xctest; sourceTree = BUILT_PRODUCTS_DIR; };
		73F174E722F71675002EFAC1 /* Info.plist */ = {isa = PBXFileReference; lastKnownFileType = text.plist.xml; path = Info.plist; sourceTree = "<group>"; };
		73F174F022F71F31002EFAC1 /* GoogleService-Info.plist */ = {isa = PBXFileReference; fileEncoding = 4; lastKnownFileType = text.plist.xml; path = "GoogleService-Info.plist"; sourceTree = "<group>"; };
		73F1750F22F72BC5002EFAC1 /* Splash.storyboard */ = {isa = PBXFileReference; lastKnownFileType = file.storyboard; path = Splash.storyboard; sourceTree = "<group>"; };
		73F1751122F72BEB002EFAC1 /* SplashViewController.swift */ = {isa = PBXFileReference; lastKnownFileType = sourcecode.swift; path = SplashViewController.swift; sourceTree = "<group>"; };
		73F1751622F72E34002EFAC1 /* Resources */ = {isa = PBXFileReference; lastKnownFileType = folder; path = Resources; sourceTree = "<group>"; };
		73F1751722F72E34002EFAC1 /* MovieGuideTests.swift */ = {isa = PBXFileReference; fileEncoding = 4; lastKnownFileType = sourcecode.swift; path = MovieGuideTests.swift; sourceTree = "<group>"; };
		73F1751C22F730CF002EFAC1 /* MovieSearchContracts.swift */ = {isa = PBXFileReference; lastKnownFileType = sourcecode.swift; path = MovieSearchContracts.swift; sourceTree = "<group>"; };
		73F1751E22F730DC002EFAC1 /* MovieSearchPresentation.swift */ = {isa = PBXFileReference; lastKnownFileType = sourcecode.swift; path = MovieSearchPresentation.swift; sourceTree = "<group>"; };
		73F1752022F730ED002EFAC1 /* MovieSearchView.swift */ = {isa = PBXFileReference; lastKnownFileType = sourcecode.swift; path = MovieSearchView.swift; sourceTree = "<group>"; };
		73F1752222F730F6002EFAC1 /* MovieSearchBuilder.swift */ = {isa = PBXFileReference; lastKnownFileType = sourcecode.swift; path = MovieSearchBuilder.swift; sourceTree = "<group>"; };
		73F1752422F73102002EFAC1 /* MovieSearchViewController.swift */ = {isa = PBXFileReference; lastKnownFileType = sourcecode.swift; path = MovieSearchViewController.swift; sourceTree = "<group>"; };
		73F1752622F7310D002EFAC1 /* MovieSearch.storyboard */ = {isa = PBXFileReference; lastKnownFileType = file.storyboard; path = MovieSearch.storyboard; sourceTree = "<group>"; };
		73F1752822F73143002EFAC1 /* MovieSearchCell.swift */ = {isa = PBXFileReference; lastKnownFileType = sourcecode.swift; path = MovieSearchCell.swift; sourceTree = "<group>"; };
		73F1752A22F73178002EFAC1 /* MovieDetail.storyboard */ = {isa = PBXFileReference; lastKnownFileType = file.storyboard; path = MovieDetail.storyboard; sourceTree = "<group>"; };
		73F1752C22F73187002EFAC1 /* MovieDetailContracts.swift */ = {isa = PBXFileReference; lastKnownFileType = sourcecode.swift; path = MovieDetailContracts.swift; sourceTree = "<group>"; };
		73F1752E22F73198002EFAC1 /* MovieDetailPresentation.swift */ = {isa = PBXFileReference; lastKnownFileType = sourcecode.swift; path = MovieDetailPresentation.swift; sourceTree = "<group>"; };
		73F1753022F731A8002EFAC1 /* MovieDetailBuilder.swift */ = {isa = PBXFileReference; lastKnownFileType = sourcecode.swift; path = MovieDetailBuilder.swift; sourceTree = "<group>"; };
		73F1753222F731B6002EFAC1 /* MovieDetailView.swift */ = {isa = PBXFileReference; lastKnownFileType = sourcecode.swift; path = MovieDetailView.swift; sourceTree = "<group>"; };
		73F1753422F7320D002EFAC1 /* SplashBuilder.swift */ = {isa = PBXFileReference; lastKnownFileType = sourcecode.swift; path = SplashBuilder.swift; sourceTree = "<group>"; };
		73F1753622F73216002EFAC1 /* AppContainer.swift */ = {isa = PBXFileReference; lastKnownFileType = sourcecode.swift; path = AppContainer.swift; sourceTree = "<group>"; };
		73F1753822F73274002EFAC1 /* AppRouter.swift */ = {isa = PBXFileReference; lastKnownFileType = sourcecode.swift; path = AppRouter.swift; sourceTree = "<group>"; };
		73F1753B22F732B7002EFAC1 /* UIView+Gradient.swift */ = {isa = PBXFileReference; lastKnownFileType = sourcecode.swift; path = "UIView+Gradient.swift"; sourceTree = "<group>"; };
		73F1753D22F732D8002EFAC1 /* MovieDetailViewController.swift */ = {isa = PBXFileReference; lastKnownFileType = sourcecode.swift; path = MovieDetailViewController.swift; sourceTree = "<group>"; };
		73F1754122F73D44002EFAC1 /* MovieGuideAPI.framework */ = {isa = PBXFileReference; explicitFileType = wrapper.framework; path = MovieGuideAPI.framework; sourceTree = BUILT_PRODUCTS_DIR; };
		73F1754322F74322002EFAC1 /* UIView+Blur.swift */ = {isa = PBXFileReference; lastKnownFileType = sourcecode.swift; path = "UIView+Blur.swift"; sourceTree = "<group>"; };
		73F1754722F757EB002EFAC1 /* Constants.swift */ = {isa = PBXFileReference; lastKnownFileType = sourcecode.swift; path = Constants.swift; sourceTree = "<group>"; };
		F8FC4A9BF1AF2F15903EB853 /* Pods-MovieGuide.debug.xcconfig */ = {isa = PBXFileReference; includeInIndex = 1; lastKnownFileType = text.xcconfig; name = "Pods-MovieGuide.debug.xcconfig"; path = "Target Support Files/Pods-MovieGuide/Pods-MovieGuide.debug.xcconfig"; sourceTree = "<group>"; };
/* End PBXFileReference section */

/* Begin PBXFrameworksBuildPhase section */
		73F174CA22F71673002EFAC1 /* Frameworks */ = {
			isa = PBXFrameworksBuildPhase;
			buildActionMask = 2147483647;
			files = (
				73F1754222F73D44002EFAC1 /* MovieGuideAPI.framework in Frameworks */,
				841F2B68A562CFA92BFD5094 /* Pods_MovieGuide.framework in Frameworks */,
			);
			runOnlyForDeploymentPostprocessing = 0;
		};
		73F174DE22F71675002EFAC1 /* Frameworks */ = {
			isa = PBXFrameworksBuildPhase;
			buildActionMask = 2147483647;
			files = (
			);
			runOnlyForDeploymentPostprocessing = 0;
		};
/* End PBXFrameworksBuildPhase section */

/* Begin PBXGroup section */
		2856748823685A305D95B3BF /* Frameworks */ = {
			isa = PBXGroup;
			children = (
				73F1754122F73D44002EFAC1 /* MovieGuideAPI.framework */,
				227C3ACFCD99E41F393DC525 /* Pods_MovieGuide.framework */,
			);
			name = Frameworks;
			sourceTree = "<group>";
		};
		3AF49E3F606DD02D38DDC35F /* Pods */ = {
			isa = PBXGroup;
			children = (
				F8FC4A9BF1AF2F15903EB853 /* Pods-MovieGuide.debug.xcconfig */,
				5EB6E030841F4BADFF0BDCF7 /* Pods-MovieGuide.release.xcconfig */,
			);
			name = Pods;
			path = ../Pods;
			sourceTree = "<group>";
		};
		73F174C422F71673002EFAC1 = {
			isa = PBXGroup;
			children = (
				73F174CF22F71673002EFAC1 /* MovieGuide */,
				73F174E422F71675002EFAC1 /* MovieGuideTests */,
				73F174CE22F71673002EFAC1 /* Products */,
				3AF49E3F606DD02D38DDC35F /* Pods */,
				2856748823685A305D95B3BF /* Frameworks */,
			);
			sourceTree = "<group>";
		};
		73F174CE22F71673002EFAC1 /* Products */ = {
			isa = PBXGroup;
			children = (
				73F174CD22F71673002EFAC1 /* MovieGuide.app */,
				73F174E122F71675002EFAC1 /* MovieGuideTests.xctest */,
			);
			name = Products;
			sourceTree = "<group>";
		};
		73F174CF22F71673002EFAC1 /* MovieGuide */ = {
			isa = PBXGroup;
			children = (
				73F174F222F7230F002EFAC1 /* App */,
				73F174F322F72315002EFAC1 /* Scenes */,
				73F174F422F7231E002EFAC1 /* Utility */,
				73F174F622F72333002EFAC1 /* Resources */,
				73F174F522F72324002EFAC1 /* Supporting Files */,
			);
			path = MovieGuide;
			sourceTree = "<group>";
		};
		73F174E422F71675002EFAC1 /* MovieGuideTests */ = {
			isa = PBXGroup;
			children = (
				73F1751722F72E34002EFAC1 /* MovieGuideTests.swift */,
				73F1751622F72E34002EFAC1 /* Resources */,
				73F174E722F71675002EFAC1 /* Info.plist */,
			);
			path = MovieGuideTests;
			sourceTree = "<group>";
		};
		73F174F222F7230F002EFAC1 /* App */ = {
			isa = PBXGroup;
			children = (
				73F174D022F71673002EFAC1 /* AppDelegate.swift */,
				73F1753622F73216002EFAC1 /* AppContainer.swift */,
				73F1753822F73274002EFAC1 /* AppRouter.swift */,
			);
			path = App;
			sourceTree = "<group>";
		};
		73F174F322F72315002EFAC1 /* Scenes */ = {
			isa = PBXGroup;
			children = (
				73F1751B22F730BB002EFAC1 /* MovieDetail */,
				73F1751A22F730B2002EFAC1 /* MovieSearch */,
				73F1750E22F72BAD002EFAC1 /* Splash */,
			);
			path = Scenes;
			sourceTree = "<group>";
		};
		73F174F422F7231E002EFAC1 /* Utility */ = {
			isa = PBXGroup;
			children = (
				73F1753A22F732A7002EFAC1 /* Extensions */,
				73F1754722F757EB002EFAC1 /* Constants.swift */,
			);
			path = Utility;
			sourceTree = "<group>";
		};
		73F174F522F72324002EFAC1 /* Supporting Files */ = {
			isa = PBXGroup;
			children = (
				73F174F022F71F31002EFAC1 /* GoogleService-Info.plist */,
				73F174DC22F71675002EFAC1 /* Info.plist */,
			);
			path = "Supporting Files";
			sourceTree = "<group>";
		};
		73F174F622F72333002EFAC1 /* Resources */ = {
			isa = PBXGroup;
			children = (
				73F174D722F71675002EFAC1 /* Assets.xcassets */,
			);
			path = Resources;
			sourceTree = "<group>";
		};
		73F1750E22F72BAD002EFAC1 /* Splash */ = {
			isa = PBXGroup;
			children = (
				73F1750F22F72BC5002EFAC1 /* Splash.storyboard */,
				73F1751122F72BEB002EFAC1 /* SplashViewController.swift */,
				73F1753422F7320D002EFAC1 /* SplashBuilder.swift */,
			);
			path = Splash;
			sourceTree = "<group>";
		};
		73F1751A22F730B2002EFAC1 /* MovieSearch */ = {
			isa = PBXGroup;
			children = (
				73F1752622F7310D002EFAC1 /* MovieSearch.storyboard */,
				73F1751C22F730CF002EFAC1 /* MovieSearchContracts.swift */,
				73F1751E22F730DC002EFAC1 /* MovieSearchPresentation.swift */,
				73F1752022F730ED002EFAC1 /* MovieSearchView.swift */,
				73F1752222F730F6002EFAC1 /* MovieSearchBuilder.swift */,
				73F1752422F73102002EFAC1 /* MovieSearchViewController.swift */,
				73F1752822F73143002EFAC1 /* MovieSearchCell.swift */,
			);
			path = MovieSearch;
			sourceTree = "<group>";
		};
		73F1751B22F730BB002EFAC1 /* MovieDetail */ = {
			isa = PBXGroup;
			children = (
				73F1752A22F73178002EFAC1 /* MovieDetail.storyboard */,
				73F1752C22F73187002EFAC1 /* MovieDetailContracts.swift */,
				73F1752E22F73198002EFAC1 /* MovieDetailPresentation.swift */,
				73F1753022F731A8002EFAC1 /* MovieDetailBuilder.swift */,
				73F1753222F731B6002EFAC1 /* MovieDetailView.swift */,
				73F1753D22F732D8002EFAC1 /* MovieDetailViewController.swift */,
			);
			path = MovieDetail;
			sourceTree = "<group>";
		};
		73F1753A22F732A7002EFAC1 /* Extensions */ = {
			isa = PBXGroup;
			children = (
				73F1753B22F732B7002EFAC1 /* UIView+Gradient.swift */,
				73F1754322F74322002EFAC1 /* UIView+Blur.swift */,
			);
			path = Extensions;
			sourceTree = "<group>";
		};
/* End PBXGroup section */

/* Begin PBXNativeTarget section */
		73F174CC22F71673002EFAC1 /* MovieGuide */ = {
			isa = PBXNativeTarget;
			buildConfigurationList = 73F174EA22F71675002EFAC1 /* Build configuration list for PBXNativeTarget "MovieGuide" */;
			buildPhases = (
				018CFB35D09DD7D0362D8731 /* [CP] Check Pods Manifest.lock */,
				73F174C922F71673002EFAC1 /* Sources */,
				73F174CA22F71673002EFAC1 /* Frameworks */,
				73F174CB22F71673002EFAC1 /* Resources */,
				8FFB04A5224AF9EDD94821DA /* [CP] Embed Pods Frameworks */,
			);
			buildRules = (
			);
			dependencies = (
			);
			name = MovieGuide;
			productName = MovieGuide;
			productReference = 73F174CD22F71673002EFAC1 /* MovieGuide.app */;
			productType = "com.apple.product-type.application";
		};
		73F174E022F71675002EFAC1 /* MovieGuideTests */ = {
			isa = PBXNativeTarget;
			buildConfigurationList = 73F174ED22F71675002EFAC1 /* Build configuration list for PBXNativeTarget "MovieGuideTests" */;
			buildPhases = (
				73F174DD22F71675002EFAC1 /* Sources */,
				73F174DE22F71675002EFAC1 /* Frameworks */,
				73F174DF22F71675002EFAC1 /* Resources */,
			);
			buildRules = (
			);
			dependencies = (
				73F174E322F71675002EFAC1 /* PBXTargetDependency */,
			);
			name = MovieGuideTests;
			productName = MovieGuideTests;
			productReference = 73F174E122F71675002EFAC1 /* MovieGuideTests.xctest */;
			productType = "com.apple.product-type.bundle.unit-test";
		};
/* End PBXNativeTarget section */

/* Begin PBXProject section */
		73F174C522F71673002EFAC1 /* Project object */ = {
			isa = PBXProject;
			attributes = {
				LastSwiftUpdateCheck = 1020;
				LastUpgradeCheck = 1020;
				ORGANIZATIONNAME = "Samet Macit";
				TargetAttributes = {
					73F174CC22F71673002EFAC1 = {
						CreatedOnToolsVersion = 10.2.1;
					};
					73F174E022F71675002EFAC1 = {
						CreatedOnToolsVersion = 10.2.1;
						LastSwiftMigration = 1020;
						TestTargetID = 73F174CC22F71673002EFAC1;
					};
				};
			};
			buildConfigurationList = 73F174C822F71673002EFAC1 /* Build configuration list for PBXProject "MovieGuide" */;
			compatibilityVersion = "Xcode 9.3";
			developmentRegion = en;
			hasScannedForEncodings = 0;
			knownRegions = (
				en,
				Base,
			);
			mainGroup = 73F174C422F71673002EFAC1;
			productRefGroup = 73F174CE22F71673002EFAC1 /* Products */;
			projectDirPath = "";
			projectRoot = "";
			targets = (
				73F174CC22F71673002EFAC1 /* MovieGuide */,
				73F174E022F71675002EFAC1 /* MovieGuideTests */,
			);
		};
/* End PBXProject section */

/* Begin PBXResourcesBuildPhase section */
		73F174CB22F71673002EFAC1 /* Resources */ = {
			isa = PBXResourcesBuildPhase;
			buildActionMask = 2147483647;
			files = (
				73F174F122F71F31002EFAC1 /* GoogleService-Info.plist in Resources */,
				73F174D822F71675002EFAC1 /* Assets.xcassets in Resources */,
				73F1751022F72BC5002EFAC1 /* Splash.storyboard in Resources */,
				73F1752722F7310D002EFAC1 /* MovieSearch.storyboard in Resources */,
				73F1752B22F73178002EFAC1 /* MovieDetail.storyboard in Resources */,
			);
			runOnlyForDeploymentPostprocessing = 0;
		};
		73F174DF22F71675002EFAC1 /* Resources */ = {
			isa = PBXResourcesBuildPhase;
			buildActionMask = 2147483647;
			files = (
				73F1751822F72E34002EFAC1 /* Resources in Resources */,
			);
			runOnlyForDeploymentPostprocessing = 0;
		};
/* End PBXResourcesBuildPhase section */

/* Begin PBXShellScriptBuildPhase section */
		018CFB35D09DD7D0362D8731 /* [CP] Check Pods Manifest.lock */ = {
			isa = PBXShellScriptBuildPhase;
			buildActionMask = 2147483647;
			files = (
			);
			inputFileListPaths = (
			);
			inputPaths = (
				"${PODS_PODFILE_DIR_PATH}/Podfile.lock",
				"${PODS_ROOT}/Manifest.lock",
			);
			name = "[CP] Check Pods Manifest.lock";
			outputFileListPaths = (
			);
			outputPaths = (
				"$(DERIVED_FILE_DIR)/Pods-MovieGuide-checkManifestLockResult.txt",
			);
			runOnlyForDeploymentPostprocessing = 0;
			shellPath = /bin/sh;
			shellScript = "diff \"${PODS_PODFILE_DIR_PATH}/Podfile.lock\" \"${PODS_ROOT}/Manifest.lock\" > /dev/null\nif [ $? != 0 ] ; then\n    # print error to STDERR\n    echo \"error: The sandbox is not in sync with the Podfile.lock. Run 'pod install' or update your CocoaPods installation.\" >&2\n    exit 1\nfi\n# This output is used by Xcode 'outputs' to avoid re-running this script phase.\necho \"SUCCESS\" > \"${SCRIPT_OUTPUT_FILE_0}\"\n";
			showEnvVarsInLog = 0;
		};
		8FFB04A5224AF9EDD94821DA /* [CP] Embed Pods Frameworks */ = {
			isa = PBXShellScriptBuildPhase;
			buildActionMask = 2147483647;
			files = (
			);
			inputFileListPaths = (
			);
			inputPaths = (
				"${PODS_ROOT}/Target Support Files/Pods-MovieGuide/Pods-MovieGuide-frameworks.sh",
				"${BUILT_PRODUCTS_DIR}/Alamofire/Alamofire.framework",
				"${BUILT_PRODUCTS_DIR}/Kingfisher/Kingfisher.framework",
				"${BUILT_PRODUCTS_DIR}/NVActivityIndicatorView/NVActivityIndicatorView.framework",
			);
			name = "[CP] Embed Pods Frameworks";
			outputFileListPaths = (
			);
			outputPaths = (
				"${TARGET_BUILD_DIR}/${FRAMEWORKS_FOLDER_PATH}/Alamofire.framework",
				"${TARGET_BUILD_DIR}/${FRAMEWORKS_FOLDER_PATH}/Kingfisher.framework",
				"${TARGET_BUILD_DIR}/${FRAMEWORKS_FOLDER_PATH}/NVActivityIndicatorView.framework",
			);
			runOnlyForDeploymentPostprocessing = 0;
			shellPath = /bin/sh;
			shellScript = "\"${PODS_ROOT}/Target Support Files/Pods-MovieGuide/Pods-MovieGuide-frameworks.sh\"\n";
			showEnvVarsInLog = 0;
		};
/* End PBXShellScriptBuildPhase section */

/* Begin PBXSourcesBuildPhase section */
		73F174C922F71673002EFAC1 /* Sources */ = {
			isa = PBXSourcesBuildPhase;
			buildActionMask = 2147483647;
			files = (
				73F1752D22F73187002EFAC1 /* MovieDetailContracts.swift in Sources */,
				73F1752F22F73198002EFAC1 /* MovieDetailPresentation.swift in Sources */,
				73F1753C22F732B7002EFAC1 /* UIView+Gradient.swift in Sources */,
				73F1753122F731A8002EFAC1 /* MovieDetailBuilder.swift in Sources */,
				73F1752322F730F6002EFAC1 /* MovieSearchBuilder.swift in Sources */,
				73F1752122F730ED002EFAC1 /* MovieSearchView.swift in Sources */,
				73F1753E22F732D8002EFAC1 /* MovieDetailViewController.swift in Sources */,
				73F1751D22F730CF002EFAC1 /* MovieSearchContracts.swift in Sources */,
				73F1753322F731B6002EFAC1 /* MovieDetailView.swift in Sources */,
				73F174D122F71673002EFAC1 /* AppDelegate.swift in Sources */,
				73F1753922F73274002EFAC1 /* AppRouter.swift in Sources */,
				73F1753522F7320D002EFAC1 /* SplashBuilder.swift in Sources */,
				73F1753722F73216002EFAC1 /* AppContainer.swift in Sources */,
				73F1751F22F730DC002EFAC1 /* MovieSearchPresentation.swift in Sources */,
				73F1754822F757EB002EFAC1 /* Constants.swift in Sources */,
				73F1752522F73102002EFAC1 /* MovieSearchViewController.swift in Sources */,
				73F1754422F74322002EFAC1 /* UIView+Blur.swift in Sources */,
				73F1752922F73143002EFAC1 /* MovieSearchCell.swift in Sources */,
				73F1751222F72BEB002EFAC1 /* SplashViewController.swift in Sources */,
			);
			runOnlyForDeploymentPostprocessing = 0;
		};
		73F174DD22F71675002EFAC1 /* Sources */ = {
			isa = PBXSourcesBuildPhase;
			buildActionMask = 2147483647;
			files = (
				73F1751922F72E34002EFAC1 /* MovieGuideTests.swift in Sources */,
			);
			runOnlyForDeploymentPostprocessing = 0;
		};
/* End PBXSourcesBuildPhase section */

/* Begin PBXTargetDependency section */
		73F174E322F71675002EFAC1 /* PBXTargetDependency */ = {
			isa = PBXTargetDependency;
			target = 73F174CC22F71673002EFAC1 /* MovieGuide */;
			targetProxy = 73F174E222F71675002EFAC1 /* PBXContainerItemProxy */;
		};
/* End PBXTargetDependency section */

/* Begin XCBuildConfiguration section */
		73F174E822F71675002EFAC1 /* Debug */ = {
			isa = XCBuildConfiguration;
			buildSettings = {
				ALWAYS_SEARCH_USER_PATHS = NO;
				CLANG_ANALYZER_NONNULL = YES;
				CLANG_ANALYZER_NUMBER_OBJECT_CONVERSION = YES_AGGRESSIVE;
				CLANG_CXX_LANGUAGE_STANDARD = "gnu++14";
				CLANG_CXX_LIBRARY = "libc++";
				CLANG_ENABLE_MODULES = YES;
				CLANG_ENABLE_OBJC_ARC = YES;
				CLANG_ENABLE_OBJC_WEAK = YES;
				CLANG_WARN_BLOCK_CAPTURE_AUTORELEASING = YES;
				CLANG_WARN_BOOL_CONVERSION = YES;
				CLANG_WARN_COMMA = YES;
				CLANG_WARN_CONSTANT_CONVERSION = YES;
				CLANG_WARN_DEPRECATED_OBJC_IMPLEMENTATIONS = YES;
				CLANG_WARN_DIRECT_OBJC_ISA_USAGE = YES_ERROR;
				CLANG_WARN_DOCUMENTATION_COMMENTS = YES;
				CLANG_WARN_EMPTY_BODY = YES;
				CLANG_WARN_ENUM_CONVERSION = YES;
				CLANG_WARN_INFINITE_RECURSION = YES;
				CLANG_WARN_INT_CONVERSION = YES;
				CLANG_WARN_NON_LITERAL_NULL_CONVERSION = YES;
				CLANG_WARN_OBJC_IMPLICIT_RETAIN_SELF = YES;
				CLANG_WARN_OBJC_LITERAL_CONVERSION = YES;
				CLANG_WARN_OBJC_ROOT_CLASS = YES_ERROR;
				CLANG_WARN_RANGE_LOOP_ANALYSIS = YES;
				CLANG_WARN_STRICT_PROTOTYPES = YES;
				CLANG_WARN_SUSPICIOUS_MOVE = YES;
				CLANG_WARN_UNGUARDED_AVAILABILITY = YES_AGGRESSIVE;
				CLANG_WARN_UNREACHABLE_CODE = YES;
				CLANG_WARN__DUPLICATE_METHOD_MATCH = YES;
				CODE_SIGN_IDENTITY = "iPhone Developer";
				COPY_PHASE_STRIP = NO;
				DEBUG_INFORMATION_FORMAT = dwarf;
				ENABLE_STRICT_OBJC_MSGSEND = YES;
				ENABLE_TESTABILITY = YES;
				GCC_C_LANGUAGE_STANDARD = gnu11;
				GCC_DYNAMIC_NO_PIC = NO;
				GCC_NO_COMMON_BLOCKS = YES;
				GCC_OPTIMIZATION_LEVEL = 0;
				GCC_PREPROCESSOR_DEFINITIONS = (
					"DEBUG=1",
					"$(inherited)",
				);
				GCC_WARN_64_TO_32_BIT_CONVERSION = YES;
				GCC_WARN_ABOUT_RETURN_TYPE = YES_ERROR;
				GCC_WARN_UNDECLARED_SELECTOR = YES;
				GCC_WARN_UNINITIALIZED_AUTOS = YES_AGGRESSIVE;
				GCC_WARN_UNUSED_FUNCTION = YES;
				GCC_WARN_UNUSED_VARIABLE = YES;
				IPHONEOS_DEPLOYMENT_TARGET = 12.2;
				MTL_ENABLE_DEBUG_INFO = INCLUDE_SOURCE;
				MTL_FAST_MATH = YES;
				ONLY_ACTIVE_ARCH = YES;
				SDKROOT = iphoneos;
				SWIFT_ACTIVE_COMPILATION_CONDITIONS = DEBUG;
				SWIFT_OPTIMIZATION_LEVEL = "-Onone";
			};
			name = Debug;
		};
		73F174E922F71675002EFAC1 /* Release */ = {
			isa = XCBuildConfiguration;
			buildSettings = {
				ALWAYS_SEARCH_USER_PATHS = NO;
				CLANG_ANALYZER_NONNULL = YES;
				CLANG_ANALYZER_NUMBER_OBJECT_CONVERSION = YES_AGGRESSIVE;
				CLANG_CXX_LANGUAGE_STANDARD = "gnu++14";
				CLANG_CXX_LIBRARY = "libc++";
				CLANG_ENABLE_MODULES = YES;
				CLANG_ENABLE_OBJC_ARC = YES;
				CLANG_ENABLE_OBJC_WEAK = YES;
				CLANG_WARN_BLOCK_CAPTURE_AUTORELEASING = YES;
				CLANG_WARN_BOOL_CONVERSION = YES;
				CLANG_WARN_COMMA = YES;
				CLANG_WARN_CONSTANT_CONVERSION = YES;
				CLANG_WARN_DEPRECATED_OBJC_IMPLEMENTATIONS = YES;
				CLANG_WARN_DIRECT_OBJC_ISA_USAGE = YES_ERROR;
				CLANG_WARN_DOCUMENTATION_COMMENTS = YES;
				CLANG_WARN_EMPTY_BODY = YES;
				CLANG_WARN_ENUM_CONVERSION = YES;
				CLANG_WARN_INFINITE_RECURSION = YES;
				CLANG_WARN_INT_CONVERSION = YES;
				CLANG_WARN_NON_LITERAL_NULL_CONVERSION = YES;
				CLANG_WARN_OBJC_IMPLICIT_RETAIN_SELF = YES;
				CLANG_WARN_OBJC_LITERAL_CONVERSION = YES;
				CLANG_WARN_OBJC_ROOT_CLASS = YES_ERROR;
				CLANG_WARN_RANGE_LOOP_ANALYSIS = YES;
				CLANG_WARN_STRICT_PROTOTYPES = YES;
				CLANG_WARN_SUSPICIOUS_MOVE = YES;
				CLANG_WARN_UNGUARDED_AVAILABILITY = YES_AGGRESSIVE;
				CLANG_WARN_UNREACHABLE_CODE = YES;
				CLANG_WARN__DUPLICATE_METHOD_MATCH = YES;
				CODE_SIGN_IDENTITY = "iPhone Developer";
				COPY_PHASE_STRIP = NO;
				DEBUG_INFORMATION_FORMAT = "dwarf-with-dsym";
				ENABLE_NS_ASSERTIONS = NO;
				ENABLE_STRICT_OBJC_MSGSEND = YES;
				GCC_C_LANGUAGE_STANDARD = gnu11;
				GCC_NO_COMMON_BLOCKS = YES;
				GCC_WARN_64_TO_32_BIT_CONVERSION = YES;
				GCC_WARN_ABOUT_RETURN_TYPE = YES_ERROR;
				GCC_WARN_UNDECLARED_SELECTOR = YES;
				GCC_WARN_UNINITIALIZED_AUTOS = YES_AGGRESSIVE;
				GCC_WARN_UNUSED_FUNCTION = YES;
				GCC_WARN_UNUSED_VARIABLE = YES;
				IPHONEOS_DEPLOYMENT_TARGET = 12.2;
				MTL_ENABLE_DEBUG_INFO = NO;
				MTL_FAST_MATH = YES;
				SDKROOT = iphoneos;
				SWIFT_COMPILATION_MODE = wholemodule;
				SWIFT_OPTIMIZATION_LEVEL = "-O";
				VALIDATE_PRODUCT = YES;
			};
			name = Release;
		};
		73F174EB22F71675002EFAC1 /* Debug */ = {
			isa = XCBuildConfiguration;
			baseConfigurationReference = F8FC4A9BF1AF2F15903EB853 /* Pods-MovieGuide.debug.xcconfig */;
			buildSettings = {
				ASSETCATALOG_COMPILER_APPICON_NAME = AppIcon;
				CODE_SIGN_STYLE = Automatic;
				DEVELOPMENT_TEAM = 38DX2U22C9;
				INFOPLIST_FILE = "$(SRCROOT)/MovieGuide/Supporting Files/Info.plist";
				LD_RUNPATH_SEARCH_PATHS = (
					"$(inherited)",
					"@executable_path/Frameworks",
				);
				PRODUCT_BUNDLE_IDENTIFIER = com.macit.MovieGuide;
				PRODUCT_NAME = "$(TARGET_NAME)";
				SWIFT_VERSION = 5.0;
				TARGETED_DEVICE_FAMILY = "1,2";
			};
			name = Debug;
		};
		73F174EC22F71675002EFAC1 /* Release */ = {
			isa = XCBuildConfiguration;
			baseConfigurationReference = 5EB6E030841F4BADFF0BDCF7 /* Pods-MovieGuide.release.xcconfig */;
			buildSettings = {
				ASSETCATALOG_COMPILER_APPICON_NAME = AppIcon;
				CODE_SIGN_STYLE = Automatic;
				DEVELOPMENT_TEAM = 38DX2U22C9;
				INFOPLIST_FILE = "$(SRCROOT)/MovieGuide/Supporting Files/Info.plist";
				LD_RUNPATH_SEARCH_PATHS = (
					"$(inherited)",
					"@executable_path/Frameworks",
				);
				PRODUCT_BUNDLE_IDENTIFIER = com.macit.MovieGuide;
				PRODUCT_NAME = "$(TARGET_NAME)";
				SWIFT_VERSION = 5.0;
				TARGETED_DEVICE_FAMILY = "1,2";
			};
			name = Release;
		};
		73F174EE22F71675002EFAC1 /* Debug */ = {
			isa = XCBuildConfiguration;
			buildSettings = {
				ALWAYS_EMBED_SWIFT_STANDARD_LIBRARIES = YES;
				BUNDLE_LOADER = "$(TEST_HOST)";
				CLANG_ENABLE_MODULES = YES;
				CODE_SIGN_STYLE = Automatic;
				DEVELOPMENT_TEAM = 38DX2U22C9;
				INFOPLIST_FILE = MovieGuideTests/Info.plist;
				LD_RUNPATH_SEARCH_PATHS = (
					"$(inherited)",
					"@executable_path/Frameworks",
					"@loader_path/Frameworks",
				);
				PRODUCT_BUNDLE_IDENTIFIER = com.macit.MovieGuideTests;
				PRODUCT_NAME = "$(TARGET_NAME)";
				SWIFT_OPTIMIZATION_LEVEL = "-Onone";
				SWIFT_VERSION = 5.0;
				TARGETED_DEVICE_FAMILY = "1,2";
				TEST_HOST = "$(BUILT_PRODUCTS_DIR)/MovieGuide.app/MovieGuide";
			};
			name = Debug;
		};
		73F174EF22F71675002EFAC1 /* Release */ = {
			isa = XCBuildConfiguration;
			buildSettings = {
				ALWAYS_EMBED_SWIFT_STANDARD_LIBRARIES = YES;
				BUNDLE_LOADER = "$(TEST_HOST)";
				CLANG_ENABLE_MODULES = YES;
				CODE_SIGN_STYLE = Automatic;
				DEVELOPMENT_TEAM = 38DX2U22C9;
				INFOPLIST_FILE = MovieGuideTests/Info.plist;
				LD_RUNPATH_SEARCH_PATHS = (
					"$(inherited)",
					"@executable_path/Frameworks",
					"@loader_path/Frameworks",
				);
				PRODUCT_BUNDLE_IDENTIFIER = com.macit.MovieGuideTests;
				PRODUCT_NAME = "$(TARGET_NAME)";
				SWIFT_VERSION = 5.0;
				TARGETED_DEVICE_FAMILY = "1,2";
				TEST_HOST = "$(BUILT_PRODUCTS_DIR)/MovieGuide.app/MovieGuide";
			};
			name = Release;
		};
/* End XCBuildConfiguration section */

/* Begin XCConfigurationList section */
		73F174C822F71673002EFAC1 /* Build configuration list for PBXProject "MovieGuide" */ = {
			isa = XCConfigurationList;
			buildConfigurations = (
				73F174E822F71675002EFAC1 /* Debug */,
				73F174E922F71675002EFAC1 /* Release */,
			);
			defaultConfigurationIsVisible = 0;
			defaultConfigurationName = Release;
		};
		73F174EA22F71675002EFAC1 /* Build configuration list for PBXNativeTarget "MovieGuide" */ = {
			isa = XCConfigurationList;
			buildConfigurations = (
				73F174EB22F71675002EFAC1 /* Debug */,
				73F174EC22F71675002EFAC1 /* Release */,
			);
			defaultConfigurationIsVisible = 0;
			defaultConfigurationName = Release;
		};
		73F174ED22F71675002EFAC1 /* Build configuration list for PBXNativeTarget "MovieGuideTests" */ = {
			isa = XCConfigurationList;
			buildConfigurations = (
				73F174EE22F71675002EFAC1 /* Debug */,
				73F174EF22F71675002EFAC1 /* Release */,
			);
			defaultConfigurationIsVisible = 0;
			defaultConfigurationName = Release;
		};
/* End XCConfigurationList section */
	};
	rootObject = 73F174C522F71673002EFAC1 /* Project object */;
}
